
Microsoft Visual Studio Solution File, Format Version 12.00
# Visual Studio Version 16
VisualStudioVersion = 16.0.30128.74
MinimumVisualStudioVersion = 10.0.40219.1
Project("{FAE04EC0-301F-11D3-BF4B-00C04F79EFBC}") = "WebTrial", "WebTrial\WebTrial.csproj", "{363C049C-6A6B-463F-AE68-EBF7DFC04E3B}"
EndProject
Global
	GlobalSection(SolutionConfigurationPlatforms) = preSolution
		Debug|Any CPU = Debug|Any CPU
		Release|Any CPU = Release|Any CPU
	EndGlobalSection
	GlobalSection(ProjectConfigurationPlatforms) = postSolution
		{363C049C-6A6B-463F-AE68-EBF7DFC04E3B}.Debug|Any CPU.ActiveCfg = Debug|Any CPU
		{363C049C-6A6B-463F-AE68-EBF7DFC04E3B}.Debug|Any CPU.Build.0 = Debug|Any CPU
		{363C049C-6A6B-463F-AE68-EBF7DFC04E3B}.Release|Any CPU.ActiveCfg = Release|Any CPU
		{363C049C-6A6B-463F-AE68-EBF7DFC04E3B}.Release|Any CPU.Build.0 = Release|Any CPU
	EndGlobalSection
	GlobalSection(SolutionProperties) = preSolution
		HideSolutionNode = FALSE
	EndGlobalSection
	GlobalSection(ExtensibilityGlobals) = postSolution
		SolutionGuid = {1E357874-5826-4D7A-BFE7-09D8F4D55EB5}
	EndGlobalSection
EndGlobal
